
Microsoft Visual Studio Solution File, Format Version 12.00
# Visual Studio Version 17
VisualStudioVersion = 17.0.32014.148
MinimumVisualStudioVersion = 10.0.40219.1
Project("{FAE04EC0-301F-11D3-BF4B-00C04F79EFBC}") = "Inventory Management System", "Inventory Management System\Inventory Management System.csproj", "{609C246C-B7EC-47C7-A0B4-3EF85D46E7EC}"
EndProject
Global
	GlobalSection(SolutionConfigurationPlatforms) = preSolution
		Debug|Any CPU = Debug|Any CPU
		Release|Any CPU = Release|Any CPU
	EndGlobalSection
	GlobalSection(ProjectConfigurationPlatforms) = postSolution
		{609C246C-B7EC-47C7-A0B4-3EF85D46E7EC}.Debug|Any CPU.ActiveCfg = Debug|Any CPU
		{609C246C-B7EC-47C7-A0B4-3EF85D46E7EC}.Debug|Any CPU.Build.0 = Debug|Any CPU
		{609C246C-B7EC-47C7-A0B4-3EF85D46E7EC}.Release|Any CPU.ActiveCfg = Release|Any CPU
		{609C246C-B7EC-47C7-A0B4-3EF85D46E7EC}.Release|Any CPU.Build.0 = Release|Any CPU
	EndGlobalSection
	GlobalSection(SolutionProperties) = preSolution
		HideSolutionNode = FALSE
	EndGlobalSection
	GlobalSection(ExtensibilityGlobals) = postSolution
		SolutionGuid = {F9801C2B-1BF9-49EE-BEEF-ACF8AD86E512}
	EndGlobalSection
EndGlobal
